// !$*UTF8*$!
{
	archiveVersion = 1;
	classes = {
	};
	objectVersion = 77;
	objects = {

/* Begin PBXBuildFile section */
		03C8C5365F86B2EFE7A0DC64 /* HomeView.swift in Sources */ = {isa = PBXBuildFile; fileRef = 5C16519E37156964BB8BB226 /* HomeView.swift */; };
		0EC7BD738F3ACE59DC08F762 /* FilmLook.swift in Sources */ = {isa = PBXBuildFile; fileRef = 6AD1EC4BE8E6A9627E73B4FE /* FilmLook.swift */; };
		11FBB67F88320F126296E84F /* Wigglegram.swift in Sources */ = {isa = PBXBuildFile; fileRef = BA85C1315F10E5F0CE222796 /* Wigglegram.swift */; };
		1201073EB9AAEC9AF5C04F77 /* CameraPreviewView.swift in Sources */ = {isa = PBXBuildFile; fileRef = B0EB033C21F1ECD02E1D04C1 /* CameraPreviewView.swift */; };
		278DE596B10B3615C994D56C /* CameraService.swift in Sources */ = {isa = PBXBuildFile; fileRef = 028F6A1F1BA3BFAE64AB5319 /* CameraService.swift */; };
		49A9B2F6D95D533D5BB5863E /* CaptureView.swift in Sources */ = {isa = PBXBuildFile; fileRef = 8E5809D1A101FC23D4B7AC73 /* CaptureView.swift */; };
		5B798042756494196A5D3B26 /* ProcessingViewModel.swift in Sources */ = {isa = PBXBuildFile; fileRef = 68AF5D7A2DE8267B4A3F3E75 /* ProcessingViewModel.swift */; };
		61062A0D219AC8BA52EE606A /* SettingsView.swift in Sources */ = {isa = PBXBuildFile; fileRef = 885389A18937CA57A377D0AB /* SettingsView.swift */; };
		73EBEA8226E95F0F31454E31 /* ExportFormat.swift in Sources */ = {isa = PBXBuildFile; fileRef = 3FE3CD5F1277BFC7C715FBE6 /* ExportFormat.swift */; };
		86AE6EC37BCF43458F896764 /* AppRouter.swift in Sources */ = {isa = PBXBuildFile; fileRef = 7ED5E7312467C1DBE19A6F41 /* AppRouter.swift */; };
		94D2297305BFA23D7B48B40E /* PreviewViewModel.swift in Sources */ = {isa = PBXBuildFile; fileRef = 778EF14443CF133D315589D2 /* PreviewViewModel.swift */; };
		95C88B6D6BD989DF6E1D80E0 /* HapticManager.swift in Sources */ = {isa = PBXBuildFile; fileRef = 35370F182A11AD1DFBB30CDA /* HapticManager.swift */; };
		9DCF9B2E8F386C2A0E99BC5F /* WigglegramApp.swift in Sources */ = {isa = PBXBuildFile; fileRef = 34EAED1FA9F38141592D87C5 /* WigglegramApp.swift */; };
		A62EF239023241AC183CCEB3 /* WigglegramBuilder.swift in Sources */ = {isa = PBXBuildFile; fileRef = 87C2E421E31ABFFE79FE2BB5 /* WigglegramBuilder.swift */; };
		A653CE1EE09F986AA2677DCD /* CapturedPair.swift in Sources */ = {isa = PBXBuildFile; fileRef = 094D5D513AFFDC625B5642C4 /* CapturedPair.swift */; };
		B1FDB950A89618E7008ADEF3 /* ExportService.swift in Sources */ = {isa = PBXBuildFile; fileRef = 7885B13B1AFE3143C464DE27 /* ExportService.swift */; };
		B3FCD789313D47DCBA934EB1 /* PreviewView.swift in Sources */ = {isa = PBXBuildFile; fileRef = 44AD888737C5B4DE3F4B83F8 /* PreviewView.swift */; };
		C29EE1AF2993A1C38687CE69 /* CaptureViewModel.swift in Sources */ = {isa = PBXBuildFile; fileRef = A4CE24B2EA2257C58B023ECF /* CaptureViewModel.swift */; };
		C96243B06B4F06CC457D798A /* ProcessingView.swift in Sources */ = {isa = PBXBuildFile; fileRef = 48C2B06EE4822F620D00047F /* ProcessingView.swift */; };
		D203E12E936A21474FC0DE8D /* Assets.xcassets in Resources */ = {isa = PBXBuildFile; fileRef = 92BEFB35D2CCF7482B113825 /* Assets.xcassets */; };
		D31E0EA9A15B2383BF31A291 /* CropService.swift in Sources */ = {isa = PBXBuildFile; fileRef = 4F5B704F601EDFAC15A4E7CE /* CropService.swift */; };
		DA07FCCD2430B2671198FD79 /* ImageAlignmentService.swift in Sources */ = {isa = PBXBuildFile; fileRef = 826D793976DDAECDB9F845EA /* ImageAlignmentService.swift */; };
		DEA44A98FC42B39B4BA8B779 /* CaptureMode.swift in Sources */ = {isa = PBXBuildFile; fileRef = 9455EEBCDC1604EAC8FE2A12 /* CaptureMode.swift */; };
		F64BE4E49608403C718D3D38 /* AppSettings.swift in Sources */ = {isa = PBXBuildFile; fileRef = 87D5E51574686FA6D47A2BA8 /* AppSettings.swift */; };
		FFCA9D8745EB92BC29FFCC8E /* UIImage+Extensions.swift in Sources */ = {isa = PBXBuildFile; fileRef = D2B72FBCD3621EFCBEC09409 /* UIImage+Extensions.swift */; };
/* End PBXBuildFile section */

/* Begin PBXFileReference section */
		0180CF7F5518B20B59CB330B /* Info.plist */ = {isa = PBXFileReference; lastKnownFileType = text.plist; path = Info.plist; sourceTree = "<group>"; };
		028F6A1F1BA3BFAE64AB5319 /* CameraService.swift */ = {isa = PBXFileReference; lastKnownFileType = sourcecode.swift; path = CameraService.swift; sourceTree = "<group>"; };
		094D5D513AFFDC625B5642C4 /* CapturedPair.swift */ = {isa = PBXFileReference; lastKnownFileType = sourcecode.swift; path = CapturedPair.swift; sourceTree = "<group>"; };
		34EAED1FA9F38141592D87C5 /* WigglegramApp.swift */ = {isa = PBXFileReference; lastKnownFileType = sourcecode.swift; path = WigglegramApp.swift; sourceTree = "<group>"; };
		35370F182A11AD1DFBB30CDA /* HapticManager.swift */ = {isa = PBXFileReference; lastKnownFileType = sourcecode.swift; path = HapticManager.swift; sourceTree = "<group>"; };
		3FE3CD5F1277BFC7C715FBE6 /* ExportFormat.swift */ = {isa = PBXFileReference; lastKnownFileType = sourcecode.swift; path = ExportFormat.swift; sourceTree = "<group>"; };
		44AD888737C5B4DE3F4B83F8 /* PreviewView.swift */ = {isa = PBXFileReference; lastKnownFileType = sourcecode.swift; path = PreviewView.swift; sourceTree = "<group>"; };
		48C2B06EE4822F620D00047F /* ProcessingView.swift */ = {isa = PBXFileReference; lastKnownFileType = sourcecode.swift; path = ProcessingView.swift; sourceTree = "<group>"; };
		4A4D7EEBE2C0FDD04A71FD01 /* Wigglegram.app */ = {isa = PBXFileReference; includeInIndex = 0; lastKnownFileType = wrapper.application; path = Wigglegram.app; sourceTree = BUILT_PRODUCTS_DIR; };
		4F5B704F601EDFAC15A4E7CE /* CropService.swift */ = {isa = PBXFileReference; lastKnownFileType = sourcecode.swift; path = CropService.swift; sourceTree = "<group>"; };
		5C16519E37156964BB8BB226 /* HomeView.swift */ = {isa = PBXFileReference; lastKnownFileType = sourcecode.swift; path = HomeView.swift; sourceTree = "<group>"; };
		68AF5D7A2DE8267B4A3F3E75 /* ProcessingViewModel.swift */ = {isa = PBXFileReference; lastKnownFileType = sourcecode.swift; path = ProcessingViewModel.swift; sourceTree = "<group>"; };
		6AD1EC4BE8E6A9627E73B4FE /* FilmLook.swift */ = {isa = PBXFileReference; lastKnownFileType = sourcecode.swift; path = FilmLook.swift; sourceTree = "<group>"; };
		778EF14443CF133D315589D2 /* PreviewViewModel.swift */ = {isa = PBXFileReference; lastKnownFileType = sourcecode.swift; path = PreviewViewModel.swift; sourceTree = "<group>"; };
		7885B13B1AFE3143C464DE27 /* ExportService.swift */ = {isa = PBXFileReference; lastKnownFileType = sourcecode.swift; path = ExportService.swift; sourceTree = "<group>"; };
		7ED5E7312467C1DBE19A6F41 /* AppRouter.swift */ = {isa = PBXFileReference; lastKnownFileType = sourcecode.swift; path = AppRouter.swift; sourceTree = "<group>"; };
		826D793976DDAECDB9F845EA /* ImageAlignmentService.swift */ = {isa = PBXFileReference; lastKnownFileType = sourcecode.swift; path = ImageAlignmentService.swift; sourceTree = "<group>"; };
		87C2E421E31ABFFE79FE2BB5 /* WigglegramBuilder.swift */ = {isa = PBXFileReference; lastKnownFileType = sourcecode.swift; path = WigglegramBuilder.swift; sourceTree = "<group>"; };
		87D5E51574686FA6D47A2BA8 /* AppSettings.swift */ = {isa = PBXFileReference; lastKnownFileType = sourcecode.swift; path = AppSettings.swift; sourceTree = "<group>"; };
		885389A18937CA57A377D0AB /* SettingsView.swift */ = {isa = PBXFileReference; lastKnownFileType = sourcecode.swift; path = SettingsView.swift; sourceTree = "<group>"; };
		8E5809D1A101FC23D4B7AC73 /* CaptureView.swift */ = {isa = PBXFileReference; lastKnownFileType = sourcecode.swift; path = CaptureView.swift; sourceTree = "<group>"; };
		92BEFB35D2CCF7482B113825 /* Assets.xcassets */ = {isa = PBXFileReference; lastKnownFileType = folder.assetcatalog; path = Assets.xcassets; sourceTree = "<group>"; };
		9455EEBCDC1604EAC8FE2A12 /* CaptureMode.swift */ = {isa = PBXFileReference; lastKnownFileType = sourcecode.swift; path = CaptureMode.swift; sourceTree = "<group>"; };
		A4CE24B2EA2257C58B023ECF /* CaptureViewModel.swift */ = {isa = PBXFileReference; lastKnownFileType = sourcecode.swift; path = CaptureViewModel.swift; sourceTree = "<group>"; };
		B0EB033C21F1ECD02E1D04C1 /* CameraPreviewView.swift */ = {isa = PBXFileReference; lastKnownFileType = sourcecode.swift; path = CameraPreviewView.swift; sourceTree = "<group>"; };
		BA85C1315F10E5F0CE222796 /* Wigglegram.swift */ = {isa = PBXFileReference; lastKnownFileType = sourcecode.swift; path = Wigglegram.swift; sourceTree = "<group>"; };
		D2B72FBCD3621EFCBEC09409 /* UIImage+Extensions.swift */ = {isa = PBXFileReference; lastKnownFileType = sourcecode.swift; path = "UIImage+Extensions.swift"; sourceTree = "<group>"; };
/* End PBXFileReference section */

/* Begin PBXGroup section */
		24D0135B492B73F7F332ECC3 /* Services */ = {
			isa = PBXGroup;
			children = (
				028F6A1F1BA3BFAE64AB5319 /* CameraService.swift */,
				4F5B704F601EDFAC15A4E7CE /* CropService.swift */,
				7885B13B1AFE3143C464DE27 /* ExportService.swift */,
				826D793976DDAECDB9F845EA /* ImageAlignmentService.swift */,
				87C2E421E31ABFFE79FE2BB5 /* WigglegramBuilder.swift */,
			);
			path = Services;
			sourceTree = "<group>";
		};
		4978316B96D585D173D11C46 /* ViewModels */ = {
			isa = PBXGroup;
			children = (
				A4CE24B2EA2257C58B023ECF /* CaptureViewModel.swift */,
				778EF14443CF133D315589D2 /* PreviewViewModel.swift */,
				68AF5D7A2DE8267B4A3F3E75 /* ProcessingViewModel.swift */,
			);
			path = ViewModels;
			sourceTree = "<group>";
		};
		628BA7D5CBA7872DD96C68D6 /* Models */ = {
			isa = PBXGroup;
			children = (
				87D5E51574686FA6D47A2BA8 /* AppSettings.swift */,
				094D5D513AFFDC625B5642C4 /* CapturedPair.swift */,
				9455EEBCDC1604EAC8FE2A12 /* CaptureMode.swift */,
				3FE3CD5F1277BFC7C715FBE6 /* ExportFormat.swift */,
				BA85C1315F10E5F0CE222796 /* Wigglegram.swift */,
			);
			path = Models;
			sourceTree = "<group>";
		};
		64DBE79AA0EE7DE4829CD138 /* Resources */ = {
			isa = PBXGroup;
			children = (
				92BEFB35D2CCF7482B113825 /* Assets.xcassets */,
			);
			path = Resources;
			sourceTree = "<group>";
		};
		9351A48C11933EF495C4D20C /* Preview Content */ = {
			isa = PBXGroup;
			children = (
			);
			path = "Preview Content";
			sourceTree = "<group>";
		};
		962AE89CF0732DA5CD2E3D20 /* Products */ = {
			isa = PBXGroup;
			children = (
				4A4D7EEBE2C0FDD04A71FD01 /* Wigglegram.app */,
			);
			name = Products;
			sourceTree = "<group>";
		};
		B244B2883F4BB4756C02E353 /* Views */ = {
			isa = PBXGroup;
			children = (
				B0EB033C21F1ECD02E1D04C1 /* CameraPreviewView.swift */,
				8E5809D1A101FC23D4B7AC73 /* CaptureView.swift */,
				5C16519E37156964BB8BB226 /* HomeView.swift */,
				44AD888737C5B4DE3F4B83F8 /* PreviewView.swift */,
				48C2B06EE4822F620D00047F /* ProcessingView.swift */,
				885389A18937CA57A377D0AB /* SettingsView.swift */,
			);
			path = Views;
			sourceTree = "<group>";
		};
		BFB2B7B616135ABD10883068 /* Wigglegram */ = {
			isa = PBXGroup;
			children = (
				7ED5E7312467C1DBE19A6F41 /* AppRouter.swift */,
				0180CF7F5518B20B59CB330B /* Info.plist */,
				34EAED1FA9F38141592D87C5 /* WigglegramApp.swift */,
				628BA7D5CBA7872DD96C68D6 /* Models */,
				9351A48C11933EF495C4D20C /* Preview Content */,
				64DBE79AA0EE7DE4829CD138 /* Resources */,
				24D0135B492B73F7F332ECC3 /* Services */,
				D9D58CBCB91707D0B1BE3319 /* Utilities */,
				4978316B96D585D173D11C46 /* ViewModels */,
				B244B2883F4BB4756C02E353 /* Views */,
			);
			path = Wigglegram;
			sourceTree = "<group>";
		};
		D440E32C81607CD4AFA9D367 = {
			isa = PBXGroup;
			children = (
				BFB2B7B616135ABD10883068 /* Wigglegram */,
				962AE89CF0732DA5CD2E3D20 /* Products */,
			);
			sourceTree = "<group>";
		};
		D9D58CBCB91707D0B1BE3319 /* Utilities */ = {
			isa = PBXGroup;
			children = (
				6AD1EC4BE8E6A9627E73B4FE /* FilmLook.swift */,
				35370F182A11AD1DFBB30CDA /* HapticManager.swift */,
				D2B72FBCD3621EFCBEC09409 /* UIImage+Extensions.swift */,
			);
			path = Utilities;
			sourceTree = "<group>";
		};
/* End PBXGroup section */

/* Begin PBXNativeTarget section */
		570E74B93323CED888021B20 /* Wigglegram */ = {
			isa = PBXNativeTarget;
			buildConfigurationList = D5FCFF1168CF72CEF51FEC93 /* Build configuration list for PBXNativeTarget "Wigglegram" */;
			buildPhases = (
				5959096DB5584767F4FCE700 /* Sources */,
				4E109EA4B1EB5729681E6D47 /* Resources */,
			);
			buildRules = (
			);
			dependencies = (
			);
			name = Wigglegram;
			packageProductDependencies = (
			);
			productName = Wigglegram;
			productReference = 4A4D7EEBE2C0FDD04A71FD01 /* Wigglegram.app */;
			productType = "com.apple.product-type.application";
		};
/* End PBXNativeTarget section */

/* Begin PBXProject section */
		6357B8D8D7231FFD29A4951E /* Project object */ = {
			isa = PBXProject;
			attributes = {
				BuildIndependentTargetsInParallel = YES;
				LastUpgradeCheck = 1430;
				TargetAttributes = {
					570E74B93323CED888021B20 = {
						ProvisioningStyle = Automatic;
					};
				};
			};
			buildConfigurationList = E91D55AC6A088C6A9CBC330F /* Build configuration list for PBXProject "Wigglegram" */;
			developmentRegion = en;
			hasScannedForEncodings = 0;
			knownRegions = (
				Base,
				en,
			);
			mainGroup = D440E32C81607CD4AFA9D367;
			minimizedProjectReferenceProxies = 1;
			preferredProjectObjectVersion = 77;
			productRefGroup = 962AE89CF0732DA5CD2E3D20 /* Products */;
			projectDirPath = "";
			projectRoot = "";
			targets = (
				570E74B93323CED888021B20 /* Wigglegram */,
			);
		};
/* End PBXProject section */

/* Begin PBXResourcesBuildPhase section */
		4E109EA4B1EB5729681E6D47 /* Resources */ = {
			isa = PBXResourcesBuildPhase;
			buildActionMask = 2147483647;
			files = (
				D203E12E936A21474FC0DE8D /* Assets.xcassets in Resources */,
			);
			runOnlyForDeploymentPostprocessing = 0;
		};
/* End PBXResourcesBuildPhase section */

/* Begin PBXSourcesBuildPhase section */
		5959096DB5584767F4FCE700 /* Sources */ = {
			isa = PBXSourcesBuildPhase;
			buildActionMask = 2147483647;
			files = (
				86AE6EC37BCF43458F896764 /* AppRouter.swift in Sources */,
				F64BE4E49608403C718D3D38 /* AppSettings.swift in Sources */,
				1201073EB9AAEC9AF5C04F77 /* CameraPreviewView.swift in Sources */,
				278DE596B10B3615C994D56C /* CameraService.swift in Sources */,
				DEA44A98FC42B39B4BA8B779 /* CaptureMode.swift in Sources */,
				49A9B2F6D95D533D5BB5863E /* CaptureView.swift in Sources */,
				C29EE1AF2993A1C38687CE69 /* CaptureViewModel.swift in Sources */,
				A653CE1EE09F986AA2677DCD /* CapturedPair.swift in Sources */,
				D31E0EA9A15B2383BF31A291 /* CropService.swift in Sources */,
				73EBEA8226E95F0F31454E31 /* ExportFormat.swift in Sources */,
				B1FDB950A89618E7008ADEF3 /* ExportService.swift in Sources */,
				0EC7BD738F3ACE59DC08F762 /* FilmLook.swift in Sources */,
				95C88B6D6BD989DF6E1D80E0 /* HapticManager.swift in Sources */,
				03C8C5365F86B2EFE7A0DC64 /* HomeView.swift in Sources */,
				DA07FCCD2430B2671198FD79 /* ImageAlignmentService.swift in Sources */,
				B3FCD789313D47DCBA934EB1 /* PreviewView.swift in Sources */,
				94D2297305BFA23D7B48B40E /* PreviewViewModel.swift in Sources */,
				C96243B06B4F06CC457D798A /* ProcessingView.swift in Sources */,
				5B798042756494196A5D3B26 /* ProcessingViewModel.swift in Sources */,
				61062A0D219AC8BA52EE606A /* SettingsView.swift in Sources */,
				FFCA9D8745EB92BC29FFCC8E /* UIImage+Extensions.swift in Sources */,
				11FBB67F88320F126296E84F /* Wigglegram.swift in Sources */,
				9DCF9B2E8F386C2A0E99BC5F /* WigglegramApp.swift in Sources */,
				A62EF239023241AC183CCEB3 /* WigglegramBuilder.swift in Sources */,
			);
			runOnlyForDeploymentPostprocessing = 0;
		};
/* End PBXSourcesBuildPhase section */

/* Begin XCBuildConfiguration section */
		3EC8F9844CAD3FF2896A1D97 /* Debug */ = {
			isa = XCBuildConfiguration;
			buildSettings = {
				ALWAYS_SEARCH_USER_PATHS = NO;
				CLANG_ANALYZER_NONNULL = YES;
				CLANG_ANALYZER_NUMBER_OBJECT_CONVERSION = YES_AGGRESSIVE;
				CLANG_CXX_LANGUAGE_STANDARD = "gnu++14";
				CLANG_CXX_LIBRARY = "libc++";
				CLANG_ENABLE_MODULES = YES;
				CLANG_ENABLE_OBJC_ARC = YES;
				CLANG_ENABLE_OBJC_WEAK = YES;
				CLANG_WARN_BLOCK_CAPTURE_AUTORELEASING = YES;
				CLANG_WARN_BOOL_CONVERSION = YES;
				CLANG_WARN_COMMA = YES;
				CLANG_WARN_CONSTANT_CONVERSION = YES;
				CLANG_WARN_DEPRECATED_OBJC_IMPLEMENTATIONS = YES;
				CLANG_WARN_DIRECT_OBJC_ISA_USAGE = YES_ERROR;
				CLANG_WARN_DOCUMENTATION_COMMENTS = YES;
				CLANG_WARN_EMPTY_BODY = YES;
				CLANG_WARN_ENUM_CONVERSION = YES;
				CLANG_WARN_INFINITE_RECURSION = YES;
				CLANG_WARN_INT_CONVERSION = YES;
				CLANG_WARN_NON_LITERAL_NULL_CONVERSION = YES;
				CLANG_WARN_OBJC_IMPLICIT_RETAIN_SELF = YES;
				CLANG_WARN_OBJC_LITERAL_CONVERSION = YES;
				CLANG_WARN_OBJC_ROOT_CLASS = YES_ERROR;
				CLANG_WARN_QUOTED_INCLUDE_IN_FRAMEWORK_HEADER = YES;
				CLANG_WARN_RANGE_LOOP_ANALYSIS = YES;
				CLANG_WARN_STRICT_PROTOTYPES = YES;
				CLANG_WARN_SUSPICIOUS_MOVE = YES;
				CLANG_WARN_UNGUARDED_AVAILABILITY = YES_AGGRESSIVE;
				CLANG_WARN_UNREACHABLE_CODE = YES;
				CLANG_WARN__DUPLICATE_METHOD_MATCH = YES;
				COPY_PHASE_STRIP = NO;
				DEBUG_INFORMATION_FORMAT = dwarf;
				ENABLE_STRICT_OBJC_MSGSEND = YES;
				ENABLE_TESTABILITY = YES;
				ENABLE_USER_SCRIPT_SANDBOXING = NO;
				GCC_C_LANGUAGE_STANDARD = gnu11;
				GCC_DYNAMIC_NO_PIC = NO;
				GCC_NO_COMMON_BLOCKS = YES;
				GCC_OPTIMIZATION_LEVEL = 0;
				GCC_PREPROCESSOR_DEFINITIONS = (
					"$(inherited)",
					"DEBUG=1",
				);
				GCC_WARN_64_TO_32_BIT_CONVERSION = YES;
				GCC_WARN_ABOUT_RETURN_TYPE = YES_ERROR;
				GCC_WARN_UNDECLARED_SELECTOR = YES;
				GCC_WARN_UNINITIALIZED_AUTOS = YES_AGGRESSIVE;
				GCC_WARN_UNUSED_FUNCTION = YES;
				GCC_WARN_UNUSED_VARIABLE = YES;
				GENERATE_INFOPLIST_FILE = NO;
				IPHONEOS_DEPLOYMENT_TARGET = 17.0;
				MTL_ENABLE_DEBUG_INFO = INCLUDE_SOURCE;
				MTL_FAST_MATH = YES;
				ONLY_ACTIVE_ARCH = YES;
				PRODUCT_NAME = "$(TARGET_NAME)";
				SDKROOT = iphoneos;
				SWIFT_ACTIVE_COMPILATION_CONDITIONS = DEBUG;
				SWIFT_OPTIMIZATION_LEVEL = "-Onone";
				SWIFT_VERSION = 5.9;
			};
			name = Debug;
		};
		723D7C2CC4C527220881588B /* Debug */ = {
			isa = XCBuildConfiguration;
			buildSettings = {
				ASSETCATALOG_COMPILER_APPICON_NAME = AppIcon;
				ASSETCATALOG_COMPILER_GLOBAL_ACCENT_COLOR_NAME = AccentColor;
				CODE_SIGN_IDENTITY = "iPhone Developer";
				CODE_SIGN_STYLE = Automatic;
				ENABLE_PREVIEWS = YES;
				INFOPLIST_FILE = Wigglegram/Info.plist;
				IPHONEOS_DEPLOYMENT_TARGET = 17.0;
				LD_RUNPATH_SEARCH_PATHS = (
					"$(inherited)",
					"@executable_path/Frameworks",
				);
				PRODUCT_BUNDLE_IDENTIFIER = app.wigglegram.Wigglegram;
				SDKROOT = iphoneos;
				SUPPORTS_MACCATALYST = NO;
				SWIFT_EMIT_LOC_STRINGS = YES;
				TARGETED_DEVICE_FAMILY = "1,2";
			};
			name = Debug;
		};
		B0FA0F473600080CD6791E33 /* Release */ = {
			isa = XCBuildConfiguration;
			buildSettings = {
				ASSETCATALOG_COMPILER_APPICON_NAME = AppIcon;
				ASSETCATALOG_COMPILER_GLOBAL_ACCENT_COLOR_NAME = AccentColor;
				CODE_SIGN_IDENTITY = "iPhone Developer";
				CODE_SIGN_STYLE = Automatic;
				ENABLE_PREVIEWS = YES;
				INFOPLIST_FILE = Wigglegram/Info.plist;
				IPHONEOS_DEPLOYMENT_TARGET = 17.0;
				LD_RUNPATH_SEARCH_PATHS = (
					"$(inherited)",
					"@executable_path/Frameworks",
				);
				PRODUCT_BUNDLE_IDENTIFIER = app.wigglegram.Wigglegram;
				SDKROOT = iphoneos;
				SUPPORTS_MACCATALYST = NO;
				SWIFT_EMIT_LOC_STRINGS = YES;
				TARGETED_DEVICE_FAMILY = "1,2";
			};
			name = Release;
		};
		E7830CF64ACCC44C73ABA811 /* Release */ = {
			isa = XCBuildConfiguration;
			buildSettings = {
				ALWAYS_SEARCH_USER_PATHS = NO;
				CLANG_ANALYZER_NONNULL = YES;
				CLANG_ANALYZER_NUMBER_OBJECT_CONVERSION = YES_AGGRESSIVE;
				CLANG_CXX_LANGUAGE_STANDARD = "gnu++14";
				CLANG_CXX_LIBRARY = "libc++";
				CLANG_ENABLE_MODULES = YES;
				CLANG_ENABLE_OBJC_ARC = YES;
				CLANG_ENABLE_OBJC_WEAK = YES;
				CLANG_WARN_BLOCK_CAPTURE_AUTORELEASING = YES;
				CLANG_WARN_BOOL_CONVERSION = YES;
				CLANG_WARN_COMMA = YES;
				CLANG_WARN_CONSTANT_CONVERSION = YES;
				CLANG_WARN_DEPRECATED_OBJC_IMPLEMENTATIONS = YES;
				CLANG_WARN_DIRECT_OBJC_ISA_USAGE = YES_ERROR;
				CLANG_WARN_DOCUMENTATION_COMMENTS = YES;
				CLANG_WARN_EMPTY_BODY = YES;
				CLANG_WARN_ENUM_CONVERSION = YES;
				CLANG_WARN_INFINITE_RECURSION = YES;
				CLANG_WARN_INT_CONVERSION = YES;
				CLANG_WARN_NON_LITERAL_NULL_CONVERSION = YES;
				CLANG_WARN_OBJC_IMPLICIT_RETAIN_SELF = YES;
				CLANG_WARN_OBJC_LITERAL_CONVERSION = YES;
				CLANG_WARN_OBJC_ROOT_CLASS = YES_ERROR;
				CLANG_WARN_QUOTED_INCLUDE_IN_FRAMEWORK_HEADER = YES;
				CLANG_WARN_RANGE_LOOP_ANALYSIS = YES;
				CLANG_WARN_STRICT_PROTOTYPES = YES;
				CLANG_WARN_SUSPICIOUS_MOVE = YES;
				CLANG_WARN_UNGUARDED_AVAILABILITY = YES_AGGRESSIVE;
				CLANG_WARN_UNREACHABLE_CODE = YES;
				CLANG_WARN__DUPLICATE_METHOD_MATCH = YES;
				COPY_PHASE_STRIP = NO;
				DEBUG_INFORMATION_FORMAT = "dwarf-with-dsym";
				ENABLE_NS_ASSERTIONS = NO;
				ENABLE_STRICT_OBJC_MSGSEND = YES;
				ENABLE_USER_SCRIPT_SANDBOXING = NO;
				GCC_C_LANGUAGE_STANDARD = gnu11;
				GCC_NO_COMMON_BLOCKS = YES;
				GCC_WARN_64_TO_32_BIT_CONVERSION = YES;
				GCC_WARN_ABOUT_RETURN_TYPE = YES_ERROR;
				GCC_WARN_UNDECLARED_SELECTOR = YES;
				GCC_WARN_UNINITIALIZED_AUTOS = YES_AGGRESSIVE;
				GCC_WARN_UNUSED_FUNCTION = YES;
				GCC_WARN_UNUSED_VARIABLE = YES;
				GENERATE_INFOPLIST_FILE = NO;
				IPHONEOS_DEPLOYMENT_TARGET = 17.0;
				MTL_ENABLE_DEBUG_INFO = NO;
				MTL_FAST_MATH = YES;
				PRODUCT_NAME = "$(TARGET_NAME)";
				SDKROOT = iphoneos;
				SWIFT_COMPILATION_MODE = wholemodule;
				SWIFT_OPTIMIZATION_LEVEL = "-O";
				SWIFT_VERSION = 5.9;
			};
			name = Release;
		};
/* End XCBuildConfiguration section */

/* Begin XCConfigurationList section */
		D5FCFF1168CF72CEF51FEC93 /* Build configuration list for PBXNativeTarget "Wigglegram" */ = {
			isa = XCConfigurationList;
			buildConfigurations = (
				723D7C2CC4C527220881588B /* Debug */,
				B0FA0F473600080CD6791E33 /* Release */,
			);
			defaultConfigurationIsVisible = 0;
			defaultConfigurationName = Debug;
		};
		E91D55AC6A088C6A9CBC330F /* Build configuration list for PBXProject "Wigglegram" */ = {
			isa = XCConfigurationList;
			buildConfigurations = (
				3EC8F9844CAD3FF2896A1D97 /* Debug */,
				E7830CF64ACCC44C73ABA811 /* Release */,
			);
			defaultConfigurationIsVisible = 0;
			defaultConfigurationName = Debug;
		};
/* End XCConfigurationList section */
	};
	rootObject = 6357B8D8D7231FFD29A4951E /* Project object */;
}
